
Microsoft Visual Studio Solution File, Format Version 12.00
Project("{2150E333-8FDC-42A3-9474-1A3956D46DE8}") = "Services", "Services", "{68047BB3-2587-40CA-B948-D22E2DB8570E}"
EndProject
Project("{2150E333-8FDC-42A3-9474-1A3956D46DE8}") = "Catalog", "Catalog", "{65FA624B-93E9-4677-882D-23344ED4E693}"
EndProject
Project("{FAE04EC0-301F-11D3-BF4B-00C04F79EFBC}") = "Catalog.API", "Services\Catalog\Catalog.API\Catalog.API.csproj", "{8C8F22AB-DABF-499A-BC4C-A14E66524FF9}"
EndProject
Project("{2150E333-8FDC-42A3-9474-1A3956D46DE8}") = "BuildingBlocks", "BuildingBlocks", "{75387C19-7A20-4B30-96D0-B1A5ECA939DF}"
EndProject
Project("{FAE04EC0-301F-11D3-BF4B-00C04F79EFBC}") = "BuildingBlocks", "BuildingBlocks\BuildingBlocks\BuildingBlocks.csproj", "{7D96B2BB-7278-4740-BED9-61D2ABF93B2A}"
EndProject
Global
	GlobalSection(SolutionConfigurationPlatforms) = preSolution
		Debug|Any CPU = Debug|Any CPU
		Release|Any CPU = Release|Any CPU
	EndGlobalSection
	GlobalSection(NestedProjects) = preSolution
		{65FA624B-93E9-4677-882D-23344ED4E693} = {68047BB3-2587-40CA-B948-D22E2DB8570E}
		{8C8F22AB-DABF-499A-BC4C-A14E66524FF9} = {65FA624B-93E9-4677-882D-23344ED4E693}
		{7D96B2BB-7278-4740-BED9-61D2ABF93B2A} = {75387C19-7A20-4B30-96D0-B1A5ECA939DF}
	EndGlobalSection
	GlobalSection(ProjectConfigurationPlatforms) = postSolution
		{8C8F22AB-DABF-499A-BC4C-A14E66524FF9}.Debug|Any CPU.ActiveCfg = Debug|Any CPU
		{8C8F22AB-DABF-499A-BC4C-A14E66524FF9}.Debug|Any CPU.Build.0 = Debug|Any CPU
		{8C8F22AB-DABF-499A-BC4C-A14E66524FF9}.Release|Any CPU.ActiveCfg = Release|Any CPU
		{8C8F22AB-DABF-499A-BC4C-A14E66524FF9}.Release|Any CPU.Build.0 = Release|Any CPU
		{7D96B2BB-7278-4740-BED9-61D2ABF93B2A}.Debug|Any CPU.ActiveCfg = Debug|Any CPU
		{7D96B2BB-7278-4740-BED9-61D2ABF93B2A}.Debug|Any CPU.Build.0 = Debug|Any CPU
		{7D96B2BB-7278-4740-BED9-61D2ABF93B2A}.Release|Any CPU.ActiveCfg = Release|Any CPU
		{7D96B2BB-7278-4740-BED9-61D2ABF93B2A}.Release|Any CPU.Build.0 = Release|Any CPU
	EndGlobalSection
EndGlobal
